
Microsoft Visual Studio Solution File, Format Version 12.00
# Visual Studio Version 17
VisualStudioVersion = 17.9.34723.18
MinimumVisualStudioVersion = 10.0.40219.1
Project("{FAE04EC0-301F-11D3-BF4B-00C04F79EFBC}") = "CustoFuncionarioApp", "CustoFuncionarioApp\CustoFuncionarioApp.csproj", "{53365C50-C290-4CB0-9FEE-0E7A09E7A201}"
EndProject
Global
	GlobalSection(SolutionConfigurationPlatforms) = preSolution
		Debug|Any CPU = Debug|Any CPU
		Release|Any CPU = Release|Any CPU
	EndGlobalSection
	GlobalSection(ProjectConfigurationPlatforms) = postSolution
		{53365C50-C290-4CB0-9FEE-0E7A09E7A201}.Debug|Any CPU.ActiveCfg = Debug|Any CPU
		{53365C50-C290-4CB0-9FEE-0E7A09E7A201}.Debug|Any CPU.Build.0 = Debug|Any CPU
		{53365C50-C290-4CB0-9FEE-0E7A09E7A201}.Release|Any CPU.ActiveCfg = Release|Any CPU
		{53365C50-C290-4CB0-9FEE-0E7A09E7A201}.Release|Any CPU.Build.0 = Release|Any CPU
	EndGlobalSection
	GlobalSection(SolutionProperties) = preSolution
		HideSolutionNode = FALSE
	EndGlobalSection
	GlobalSection(ExtensibilityGlobals) = postSolution
		SolutionGuid = {764CF4EC-3268-4332-814B-F2EA7F4AB053}
	EndGlobalSection
EndGlobal
